
Microsoft Visual Studio Solution File, Format Version 12.00
# Visual Studio Version 17
VisualStudioVersion = 17.5.002.0
MinimumVisualStudioVersion = 10.0.40219.1
Project("{2150E333-8FDC-42A3-9474-1A3956D46DE8}") = "prepare", "prepare", "{044F92D7-6574-4EA6-87E0-73250EEC9185}"
EndProject
Project("{9A19103F-16F7-4668-BE54-9A1E7A4F7556}") = "Learning02", "prepare\Learning02\Learning02.csproj", "{A09475FD-8F10-4942-9A57-6F7D8579DB4B}"
EndProject
Project("{9A19103F-16F7-4668-BE54-9A1E7A4F7556}") = "Learning05", "prepare\Learning05\Learning05.csproj", "{3B883055-2D59-45C9-8819-01F7EC94643D}"
EndProject
Project("{9A19103F-16F7-4668-BE54-9A1E7A4F7556}") = "Learning04", "prepare\Learning04\Learning04.csproj", "{6FCFDBEB-77E1-45A6-89F2-8004048B5F52}"
EndProject
Project("{9A19103F-16F7-4668-BE54-9A1E7A4F7556}") = "Learning03", "prepare\Learning03\Learning03.csproj", "{ABE5F52A-EE84-4F97-8141-55F0CC96F4CB}"
EndProject
Project("{2150E333-8FDC-42A3-9474-1A3956D46DE8}") = "prove", "prove", "{A7068D52-83AF-4382-9C4A-94971AB7F781}"
EndProject
Project("{9A19103F-16F7-4668-BE54-9A1E7A4F7556}") = "Develop03", "prove\Develop03\Develop03.csproj", "{B091C762-57F3-4BD2-9E79-9C1748A55CC6}"
EndProject
Project("{9A19103F-16F7-4668-BE54-9A1E7A4F7556}") = "Develop04", "prove\Develop04\Develop04.csproj", "{F63F6F01-53F5-4542-9A5C-994DEED0E89C}"
EndProject
Project("{9A19103F-16F7-4668-BE54-9A1E7A4F7556}") = "Develop05", "prove\Develop05\Develop05.csproj", "{D073998E-F690-432B-989B-6954AF1121DC}"
EndProject
Project("{9A19103F-16F7-4668-BE54-9A1E7A4F7556}") = "Develop02", "prove\Develop02\Develop02.csproj", "{7ABD0DB8-E2D8-4E6E-9815-74834DE5A0C7}"
EndProject
Project("{2150E333-8FDC-42A3-9474-1A3956D46DE8}") = "sandbox", "sandbox", "{B9C251EC-0824-450E-9DBE-9E04F774B24C}"
EndProject
Project("{9A19103F-16F7-4668-BE54-9A1E7A4F7556}") = "Sandbox", "sandbox\Sandbox\Sandbox.csproj", "{1DA84BA9-15AB-4435-8188-32BEEDA49D15}"
EndProject
Project("{2150E333-8FDC-42A3-9474-1A3956D46DE8}") = "final", "final", "{905249E2-2AAF-4408-BC9C-99A5B5B21DD7}"
EndProject
Project("{9A19103F-16F7-4668-BE54-9A1E7A4F7556}") = "FinalProject", "final\FinalProject\FinalProject.csproj", "{97373A1F-B909-4DB8-9F5D-05F8056581A4}"
EndProject
Project("{9A19103F-16F7-4668-BE54-9A1E7A4F7556}") = "Foundation1", "final\Foundation1\Foundation1.csproj", "{3FB294A9-36E5-42DC-9EA2-E2DC0DDEDC65}"
EndProject
Project("{9A19103F-16F7-4668-BE54-9A1E7A4F7556}") = "Foundation4", "final\Foundation4\Foundation4.csproj", "{1438F877-224C-4B89-A3B4-321499A4F4C4}"
EndProject
Project("{9A19103F-16F7-4668-BE54-9A1E7A4F7556}") = "Foundation3", "final\Foundation3\Foundation3.csproj", "{38FFF157-5A50-49FC-9EF4-375FC8C1DF9D}"
EndProject
Project("{9A19103F-16F7-4668-BE54-9A1E7A4F7556}") = "Foundation2", "final\Foundation2\Foundation2.csproj", "{CF357348-AFFB-4B78-A1E1-8DD5975077E9}"
EndProject
Project("{2150E333-8FDC-42A3-9474-1A3956D46DE8}") = "csharp-prep", "csharp-prep", "{817FB1E3-2457-425B-BEA7-BDAA83BEFA68}"
EndProject
Project("{9A19103F-16F7-4668-BE54-9A1E7A4F7556}") = "Prep1", "csharp-prep\Prep1\Prep1.csproj", "{A67C4F71-5A32-4341-92C3-71A39C875167}"
EndProject
Project("{9A19103F-16F7-4668-BE54-9A1E7A4F7556}") = "Prep5", "csharp-prep\Prep5\Prep5.csproj", "{418EDB94-A27E-437A-8897-5661226DF256}"
EndProject
Project("{9A19103F-16F7-4668-BE54-9A1E7A4F7556}") = "Prep2", "csharp-prep\Prep2\Prep2.csproj", "{7DD50C54-5621-4634-8D63-A0001DDA622A}"
EndProject
Project("{9A19103F-16F7-4668-BE54-9A1E7A4F7556}") = "Prep3", "csharp-prep\Prep3\Prep3.csproj", "{49FE6E7F-8C9F-4385-A508-B1C14446095D}"
EndProject
Project("{9A19103F-16F7-4668-BE54-9A1E7A4F7556}") = "Prep4", "csharp-prep\Prep4\Prep4.csproj", "{285D2835-2EAA-4BD9-AE43-9E6CCAA3D7F0}"
EndProject
Global
	GlobalSection(SolutionConfigurationPlatforms) = preSolution
		Debug|Any CPU = Debug|Any CPU
		Release|Any CPU = Release|Any CPU
	EndGlobalSection
	GlobalSection(ProjectConfigurationPlatforms) = postSolution
		{A09475FD-8F10-4942-9A57-6F7D8579DB4B}.Debug|Any CPU.ActiveCfg = Debug|Any CPU
		{A09475FD-8F10-4942-9A57-6F7D8579DB4B}.Debug|Any CPU.Build.0 = Debug|Any CPU
		{A09475FD-8F10-4942-9A57-6F7D8579DB4B}.Release|Any CPU.ActiveCfg = Release|Any CPU
		{A09475FD-8F10-4942-9A57-6F7D8579DB4B}.Release|Any CPU.Build.0 = Release|Any CPU
		{3B883055-2D59-45C9-8819-01F7EC94643D}.Debug|Any CPU.ActiveCfg = Debug|Any CPU
		{3B883055-2D59-45C9-8819-01F7EC94643D}.Debug|Any CPU.Build.0 = Debug|Any CPU
		{3B883055-2D59-45C9-8819-01F7EC94643D}.Release|Any CPU.ActiveCfg = Release|Any CPU
		{3B883055-2D59-45C9-8819-01F7EC94643D}.Release|Any CPU.Build.0 = Release|Any CPU
		{6FCFDBEB-77E1-45A6-89F2-8004048B5F52}.Debug|Any CPU.ActiveCfg = Debug|Any CPU
		{6FCFDBEB-77E1-45A6-89F2-8004048B5F52}.Debug|Any CPU.Build.0 = Debug|Any CPU
		{6FCFDBEB-77E1-45A6-89F2-8004048B5F52}.Release|Any CPU.ActiveCfg = Release|Any CPU
		{6FCFDBEB-77E1-45A6-89F2-8004048B5F52}.Release|Any CPU.Build.0 = Release|Any CPU
		{ABE5F52A-EE84-4F97-8141-55F0CC96F4CB}.Debug|Any CPU.ActiveCfg = Debug|Any CPU
		{ABE5F52A-EE84-4F97-8141-55F0CC96F4CB}.Debug|Any CPU.Build.0 = Debug|Any CPU
		{ABE5F52A-EE84-4F97-8141-55F0CC96F4CB}.Release|Any CPU.ActiveCfg = Release|Any CPU
		{ABE5F52A-EE84-4F97-8141-55F0CC96F4CB}.Release|Any CPU.Build.0 = Release|Any CPU
		{B091C762-57F3-4BD2-9E79-9C1748A55CC6}.Debug|Any CPU.ActiveCfg = Debug|Any CPU
		{B091C762-57F3-4BD2-9E79-9C1748A55CC6}.Debug|Any CPU.Build.0 = Debug|Any CPU
		{B091C762-57F3-4BD2-9E79-9C1748A55CC6}.Release|Any CPU.ActiveCfg = Release|Any CPU
		{B091C762-57F3-4BD2-9E79-9C1748A55CC6}.Release|Any CPU.Build.0 = Release|Any CPU
		{F63F6F01-53F5-4542-9A5C-994DEED0E89C}.Debug|Any CPU.ActiveCfg = Debug|Any CPU
		{F63F6F01-53F5-4542-9A5C-994DEED0E89C}.Debug|Any CPU.Build.0 = Debug|Any CPU
		{F63F6F01-53F5-4542-9A5C-994DEED0E89C}.Release|Any CPU.ActiveCfg = Release|Any CPU
		{F63F6F01-53F5-4542-9A5C-994DEED0E89C}.Release|Any CPU.Build.0 = Release|Any CPU
		{D073998E-F690-432B-989B-6954AF1121DC}.Debug|Any CPU.ActiveCfg = Debug|Any CPU
		{D073998E-F690-432B-989B-6954AF1121DC}.Debug|Any CPU.Build.0 = Debug|Any CPU
		{D073998E-F690-432B-989B-6954AF1121DC}.Release|Any CPU.ActiveCfg = Release|Any CPU
		{D073998E-F690-432B-989B-6954AF1121DC}.Release|Any CPU.Build.0 = Release|Any CPU
		{7ABD0DB8-E2D8-4E6E-9815-74834DE5A0C7}.Debug|Any CPU.ActiveCfg = Debug|Any CPU
		{7ABD0DB8-E2D8-4E6E-9815-74834DE5A0C7}.Debug|Any CPU.Build.0 = Debug|Any CPU
		{7ABD0DB8-E2D8-4E6E-9815-74834DE5A0C7}.Release|Any CPU.ActiveCfg = Release|Any CPU
		{7ABD0DB8-E2D8-4E6E-9815-74834DE5A0C7}.Release|Any CPU.Build.0 = Release|Any CPU
		{1DA84BA9-15AB-4435-8188-32BEEDA49D15}.Debug|Any CPU.ActiveCfg = Debug|Any CPU
		{1DA84BA9-15AB-4435-8188-32BEEDA49D15}.Debug|Any CPU.Build.0 = Debug|Any CPU
		{1DA84BA9-15AB-4435-8188-32BEEDA49D15}.Release|Any CPU.ActiveCfg = Release|Any CPU
		{1DA84BA9-15AB-4435-8188-32BEEDA49D15}.Release|Any CPU.Build.0 = Release|Any CPU
		{97373A1F-B909-4DB8-9F5D-05F8056581A4}.Debug|Any CPU.ActiveCfg = Debug|Any CPU
		{97373A1F-B909-4DB8-9F5D-05F8056581A4}.Debug|Any CPU.Build.0 = Debug|Any CPU
		{97373A1F-B909-4DB8-9F5D-05F8056581A4}.Release|Any CPU.ActiveCfg = Release|Any CPU
		{97373A1F-B909-4DB8-9F5D-05F8056581A4}.Release|Any CPU.Build.0 = Release|Any CPU
		{3FB294A9-36E5-42DC-9EA2-E2DC0DDEDC65}.Debug|Any CPU.ActiveCfg = Debug|Any CPU
		{3FB294A9-36E5-42DC-9EA2-E2DC0DDEDC65}.Debug|Any CPU.Build.0 = Debug|Any CPU
		{3FB294A9-36E5-42DC-9EA2-E2DC0DDEDC65}.Release|Any CPU.ActiveCfg = Release|Any CPU
		{3FB294A9-36E5-42DC-9EA2-E2DC0DDEDC65}.Release|Any CPU.Build.0 = Release|Any CPU
		{1438F877-224C-4B89-A3B4-321499A4F4C4}.Debug|Any CPU.ActiveCfg = Debug|Any CPU
		{1438F877-224C-4B89-A3B4-321499A4F4C4}.Debug|Any CPU.Build.0 = Debug|Any CPU
		{1438F877-224C-4B89-A3B4-321499A4F4C4}.Release|Any CPU.ActiveCfg = Release|Any CPU
		{1438F877-224C-4B89-A3B4-321499A4F4C4}.Release|Any CPU.Build.0 = Release|Any CPU
		{38FFF157-5A50-49FC-9EF4-375FC8C1DF9D}.Debug|Any CPU.ActiveCfg = Debug|Any CPU
		{38FFF157-5A50-49FC-9EF4-375FC8C1DF9D}.Debug|Any CPU.Build.0 = Debug|Any CPU
		{38FFF157-5A50-49FC-9EF4-375FC8C1DF9D}.Release|Any CPU.ActiveCfg = Release|Any CPU
		{38FFF157-5A50-49FC-9EF4-375FC8C1DF9D}.Release|Any CPU.Build.0 = Release|Any CPU
		{CF357348-AFFB-4B78-A1E1-8DD5975077E9}.Debug|Any CPU.ActiveCfg = Debug|Any CPU
		{CF357348-AFFB-4B78-A1E1-8DD5975077E9}.Debug|Any CPU.Build.0 = Debug|Any CPU
		{CF357348-AFFB-4B78-A1E1-8DD5975077E9}.Release|Any CPU.ActiveCfg = Release|Any CPU
		{CF357348-AFFB-4B78-A1E1-8DD5975077E9}.Release|Any CPU.Build.0 = Release|Any CPU
		{A67C4F71-5A32-4341-92C3-71A39C875167}.Debug|Any CPU.ActiveCfg = Debug|Any CPU
		{A67C4F71-5A32-4341-92C3-71A39C875167}.Debug|Any CPU.Build.0 = Debug|Any CPU
		{A67C4F71-5A32-4341-92C3-71A39C875167}.Release|Any CPU.ActiveCfg = Release|Any CPU
		{A67C4F71-5A32-4341-92C3-71A39C875167}.Release|Any CPU.Build.0 = Release|Any CPU
		{418EDB94-A27E-437A-8897-5661226DF256}.Debug|Any CPU.ActiveCfg = Debug|Any CPU
		{418EDB94-A27E-437A-8897-5661226DF256}.Debug|Any CPU.Build.0 = Debug|Any CPU
		{418EDB94-A27E-437A-8897-5661226DF256}.Release|Any CPU.ActiveCfg = Release|Any CPU
		{418EDB94-A27E-437A-8897-5661226DF256}.Release|Any CPU.Build.0 = Release|Any CPU
		{7DD50C54-5621-4634-8D63-A0001DDA622A}.Debug|Any CPU.ActiveCfg = Debug|Any CPU
		{7DD50C54-5621-4634-8D63-A0001DDA622A}.Debug|Any CPU.Build.0 = Debug|Any CPU
		{7DD50C54-5621-4634-8D63-A0001DDA622A}.Release|Any CPU.ActiveCfg = Release|Any CPU
		{7DD50C54-5621-4634-8D63-A0001DDA622A}.Release|Any CPU.Build.0 = Release|Any CPU
		{49FE6E7F-8C9F-4385-A508-B1C14446095D}.Debug|Any CPU.ActiveCfg = Debug|Any CPU
		{49FE6E7F-8C9F-4385-A508-B1C14446095D}.Debug|Any CPU.Build.0 = Debug|Any CPU
		{49FE6E7F-8C9F-4385-A508-B1C14446095D}.Release|Any CPU.ActiveCfg = Release|Any CPU
		{49FE6E7F-8C9F-4385-A508-B1C14446095D}.Release|Any CPU.Build.0 = Release|Any CPU
		{285D2835-2EAA-4BD9-AE43-9E6CCAA3D7F0}.Debug|Any CPU.ActiveCfg = Debug|Any CPU
		{285D2835-2EAA-4BD9-AE43-9E6CCAA3D7F0}.Debug|Any CPU.Build.0 = Debug|Any CPU
		{285D2835-2EAA-4BD9-AE43-9E6CCAA3D7F0}.Release|Any CPU.ActiveCfg = Release|Any CPU
		{285D2835-2EAA-4BD9-AE43-9E6CCAA3D7F0}.Release|Any CPU.Build.0 = Release|Any CPU
	EndGlobalSection
	GlobalSection(SolutionProperties) = preSolution
		HideSolutionNode = FALSE
	EndGlobalSection
	GlobalSection(NestedProjects) = preSolution
		{A09475FD-8F10-4942-9A57-6F7D8579DB4B} = {044F92D7-6574-4EA6-87E0-73250EEC9185}
		{3B883055-2D59-45C9-8819-01F7EC94643D} = {044F92D7-6574-4EA6-87E0-73250EEC9185}
		{6FCFDBEB-77E1-45A6-89F2-8004048B5F52} = {044F92D7-6574-4EA6-87E0-73250EEC9185}
		{ABE5F52A-EE84-4F97-8141-55F0CC96F4CB} = {044F92D7-6574-4EA6-87E0-73250EEC9185}
		{B091C762-57F3-4BD2-9E79-9C1748A55CC6} = {A7068D52-83AF-4382-9C4A-94971AB7F781}
		{F63F6F01-53F5-4542-9A5C-994DEED0E89C} = {A7068D52-83AF-4382-9C4A-94971AB7F781}
		{D073998E-F690-432B-989B-6954AF1121DC} = {A7068D52-83AF-4382-9C4A-94971AB7F781}
		{7ABD0DB8-E2D8-4E6E-9815-74834DE5A0C7} = {A7068D52-83AF-4382-9C4A-94971AB7F781}
		{1DA84BA9-15AB-4435-8188-32BEEDA49D15} = {B9C251EC-0824-450E-9DBE-9E04F774B24C}
		{97373A1F-B909-4DB8-9F5D-05F8056581A4} = {905249E2-2AAF-4408-BC9C-99A5B5B21DD7}
		{3FB294A9-36E5-42DC-9EA2-E2DC0DDEDC65} = {905249E2-2AAF-4408-BC9C-99A5B5B21DD7}
		{1438F877-224C-4B89-A3B4-321499A4F4C4} = {905249E2-2AAF-4408-BC9C-99A5B5B21DD7}
		{38FFF157-5A50-49FC-9EF4-375FC8C1DF9D} = {905249E2-2AAF-4408-BC9C-99A5B5B21DD7}
		{CF357348-AFFB-4B78-A1E1-8DD5975077E9} = {905249E2-2AAF-4408-BC9C-99A5B5B21DD7}
		{A67C4F71-5A32-4341-92C3-71A39C875167} = {817FB1E3-2457-425B-BEA7-BDAA83BEFA68}
		{418EDB94-A27E-437A-8897-5661226DF256} = {817FB1E3-2457-425B-BEA7-BDAA83BEFA68}
		{7DD50C54-5621-4634-8D63-A0001DDA622A} = {817FB1E3-2457-425B-BEA7-BDAA83BEFA68}
		{49FE6E7F-8C9F-4385-A508-B1C14446095D} = {817FB1E3-2457-425B-BEA7-BDAA83BEFA68}
		{285D2835-2EAA-4BD9-AE43-9E6CCAA3D7F0} = {817FB1E3-2457-425B-BEA7-BDAA83BEFA68}
	EndGlobalSection
	GlobalSection(ExtensibilityGlobals) = postSolution
		SolutionGuid = {D63353D7-5372-4BE5-831D-BFA0CB897746}
	EndGlobalSection
EndGlobal
